
Microsoft Visual Studio Solution File, Format Version 12.00
# Visual Studio 15
VisualStudioVersion = 15.0.28010.2041
MinimumVisualStudioVersion = 10.0.40219.1
Project("{FAE04EC0-301F-11D3-BF4B-00C04F79EFBC}") = "SportApp", "SportApp\SportApp.csproj", "{B4B5D1E0-AC00-41D8-BB08-AF5B1A7FE7A3}"
EndProject
Project("{FAE04EC0-301F-11D3-BF4B-00C04F79EFBC}") = "SportApp.Data", "SportApp.Data\SportApp.Data.csproj", "{CCE14BC0-13D6-42F4-B0E7-BF4C6C166AEA}"
EndProject
Project("{FAE04EC0-301F-11D3-BF4B-00C04F79EFBC}") = "SportApp.Data.Models", "SportApp.Data.Models\SportApp.Data.Models.csproj", "{ACAC2879-EA2D-42EE-988C-31DC82716D8A}"
EndProject
Global
	GlobalSection(SolutionConfigurationPlatforms) = preSolution
		Debug|Any CPU = Debug|Any CPU
		Release|Any CPU = Release|Any CPU
	EndGlobalSection
	GlobalSection(ProjectConfigurationPlatforms) = postSolution
		{B4B5D1E0-AC00-41D8-BB08-AF5B1A7FE7A3}.Debug|Any CPU.ActiveCfg = Debug|Any CPU
		{B4B5D1E0-AC00-41D8-BB08-AF5B1A7FE7A3}.Debug|Any CPU.Build.0 = Debug|Any CPU
		{B4B5D1E0-AC00-41D8-BB08-AF5B1A7FE7A3}.Release|Any CPU.ActiveCfg = Release|Any CPU
		{B4B5D1E0-AC00-41D8-BB08-AF5B1A7FE7A3}.Release|Any CPU.Build.0 = Release|Any CPU
		{CCE14BC0-13D6-42F4-B0E7-BF4C6C166AEA}.Debug|Any CPU.ActiveCfg = Debug|Any CPU
		{CCE14BC0-13D6-42F4-B0E7-BF4C6C166AEA}.Debug|Any CPU.Build.0 = Debug|Any CPU
		{CCE14BC0-13D6-42F4-B0E7-BF4C6C166AEA}.Release|Any CPU.ActiveCfg = Release|Any CPU
		{CCE14BC0-13D6-42F4-B0E7-BF4C6C166AEA}.Release|Any CPU.Build.0 = Release|Any CPU
		{ACAC2879-EA2D-42EE-988C-31DC82716D8A}.Debug|Any CPU.ActiveCfg = Debug|Any CPU
		{ACAC2879-EA2D-42EE-988C-31DC82716D8A}.Debug|Any CPU.Build.0 = Debug|Any CPU
		{ACAC2879-EA2D-42EE-988C-31DC82716D8A}.Release|Any CPU.ActiveCfg = Release|Any CPU
		{ACAC2879-EA2D-42EE-988C-31DC82716D8A}.Release|Any CPU.Build.0 = Release|Any CPU
	EndGlobalSection
	GlobalSection(SolutionProperties) = preSolution
		HideSolutionNode = FALSE
	EndGlobalSection
	GlobalSection(ExtensibilityGlobals) = postSolution
		SolutionGuid = {68AA7CAB-BB74-450F-830F-326D7F5536AF}
	EndGlobalSection
EndGlobal
